
Microsoft Visual Studio Solution File, Format Version 12.00
# Visual Studio Version 17
VisualStudioVersion = 17.4.33205.214
MinimumVisualStudioVersion = 10.0.40219.1
Project("{FAE04EC0-301F-11D3-BF4B-00C04F79EFBC}") = "DemoMoqLibrary", "DemoMoqLibrary.csproj", "{2B137528-7617-4959-8288-18E49E632385}"
EndProject
Project("{FAE04EC0-301F-11D3-BF4B-00C04F79EFBC}") = "MyTestProject", "..\MyTestProject\MyTestProject.csproj", "{156DC2E5-2067-4035-8560-3989F631B368}"
EndProject
Project("{FAE04EC0-301F-11D3-BF4B-00C04F79EFBC}") = "SpecFlowDrivingProject", "..\SpecFlowDrivingProject\SpecFlowDrivingProject.csproj", "{459679E7-72FD-45B0-B2F3-3337CD23C219}"
EndProject
Global
	GlobalSection(SolutionConfigurationPlatforms) = preSolution
		Debug|Any CPU = Debug|Any CPU
		Release|Any CPU = Release|Any CPU
	EndGlobalSection
	GlobalSection(ProjectConfigurationPlatforms) = postSolution
		{2B137528-7617-4959-8288-18E49E632385}.Debug|Any CPU.ActiveCfg = Debug|Any CPU
		{2B137528-7617-4959-8288-18E49E632385}.Debug|Any CPU.Build.0 = Debug|Any CPU
		{2B137528-7617-4959-8288-18E49E632385}.Release|Any CPU.ActiveCfg = Release|Any CPU
		{2B137528-7617-4959-8288-18E49E632385}.Release|Any CPU.Build.0 = Release|Any CPU
		{156DC2E5-2067-4035-8560-3989F631B368}.Debug|Any CPU.ActiveCfg = Debug|Any CPU
		{156DC2E5-2067-4035-8560-3989F631B368}.Debug|Any CPU.Build.0 = Debug|Any CPU
		{156DC2E5-2067-4035-8560-3989F631B368}.Release|Any CPU.ActiveCfg = Release|Any CPU
		{156DC2E5-2067-4035-8560-3989F631B368}.Release|Any CPU.Build.0 = Release|Any CPU
		{459679E7-72FD-45B0-B2F3-3337CD23C219}.Debug|Any CPU.ActiveCfg = Debug|Any CPU
		{459679E7-72FD-45B0-B2F3-3337CD23C219}.Debug|Any CPU.Build.0 = Debug|Any CPU
		{459679E7-72FD-45B0-B2F3-3337CD23C219}.Release|Any CPU.ActiveCfg = Release|Any CPU
		{459679E7-72FD-45B0-B2F3-3337CD23C219}.Release|Any CPU.Build.0 = Release|Any CPU
	EndGlobalSection
	GlobalSection(SolutionProperties) = preSolution
		HideSolutionNode = FALSE
	EndGlobalSection
	GlobalSection(ExtensibilityGlobals) = postSolution
		SolutionGuid = {F5B71C9A-BF48-43AE-9F1E-DF4E0329D85C}
	EndGlobalSection
EndGlobal
